{
  "nodes": {
    "nixpkgs": {
      "locked": {
        "lastModified": 1646723917,
        "narHash": "sha256-kcrFwBjDmmJijX1JX/iUMukCyyyhe6McpcjdM+YSR9Q=",
        "owner": "zhaofengli",
        "repo": "nixpkgs",
        "rev": "4eb954f6b2f1bf042b150bd792ebf035ab65e0a5",
        "type": "github"
      },
      "original": {
        "owner": "zhaofengli",
        "ref": "riscv",
        "repo": "nixpkgs",
        "type": "github"
      }
    },
    "root": {
      "inputs": {
        "nixpkgs": "nixpkgs"
      }
    }
  },
  "root": "root",
  "version": 7
}
